
Microsoft Visual Studio Solution File, Format Version 12.00
# Visual Studio Version 17
VisualStudioVersion = 17.12.35527.113
MinimumVisualStudioVersion = 10.0.40219.1
Project("{FAE04EC0-301F-11D3-BF4B-00C04F79EFBC}") = "LSC.SmartCertify.Functions", "LSC.SmartCertify.Functions.csproj", "{820D77D3-1028-4E41-8EB3-B61890699DD4}"
EndProject
Global
	GlobalSection(SolutionConfigurationPlatforms) = preSolution
		Debug|Any CPU = Debug|Any CPU
		Release|Any CPU = Release|Any CPU
	EndGlobalSection
	GlobalSection(ProjectConfigurationPlatforms) = postSolution
		{820D77D3-1028-4E41-8EB3-B61890699DD4}.Debug|Any CPU.ActiveCfg = Debug|Any CPU
		{820D77D3-1028-4E41-8EB3-B61890699DD4}.Debug|Any CPU.Build.0 = Debug|Any CPU
		{820D77D3-1028-4E41-8EB3-B61890699DD4}.Release|Any CPU.ActiveCfg = Release|Any CPU
		{820D77D3-1028-4E41-8EB3-B61890699DD4}.Release|Any CPU.Build.0 = Release|Any CPU
	EndGlobalSection
	GlobalSection(SolutionProperties) = preSolution
		HideSolutionNode = FALSE
	EndGlobalSection
EndGlobal
